# This file was autogenerated by Stack.
# You should not edit this file by hand.
# For more information, please see the documentation at:
#   https://docs.haskellstack.org/en/stable/lock_files

packages:
- completed:
    hackage: monoidal-containers-0.6.0.1@sha256:f56ea8fe91ff93da140e38b8dab4b94437b901818c13ba72fc7fc802290323ee,2583
    pantry-tree:
      size: 569
      sha256: 3a43dbbb1839521aae37a2baa3fb3ad0cc61a0a8fc4e3aec1f7dda15b92a0279
  original:
    hackage: monoidal-containers-0.6.0.1@sha256:f56ea8fe91ff93da140e38b8dab4b94437b901818c13ba72fc7fc802290323ee,2583
snapshots:
- completed:
    size: 534126
    url: https://raw.githubusercontent.com/commercialhaskell/stackage-snapshots/master/lts/16/31.yaml
    sha256: 637fb77049b25560622a224845b7acfe81a09fdb6a96a3c75997a10b651667f6
  original: lts-16.31
